
Microsoft Visual Studio Solution File, Format Version 11.00
# Visual Studio 2010
Project("{FAE04EC0-301F-11D3-BF4B-00C04F79EFBC}") = "Assembly-CSharp", "Assembly-CSharp.csproj", "{acb8bce7-9e79-34cb-87db-adcbce35e620}"
EndProject
Project("{FAE04EC0-301F-11D3-BF4B-00C04F79EFBC}") = "Assembly-CSharp-Editor", "Assembly-CSharp-Editor.csproj", "{231b4787-9fe9-c6d2-7b95-31bd1bae798a}"
EndProject
Global
	GlobalSection(SolutionConfigurationPlatforms) = preSolution
		Debug|Any CPU = Debug|Any CPU
	EndGlobalSection
	GlobalSection(ProjectConfigurationPlatforms) = postSolution
		{acb8bce7-9e79-34cb-87db-adcbce35e620}.Debug|Any CPU.ActiveCfg = Debug|Any CPU
		{acb8bce7-9e79-34cb-87db-adcbce35e620}.Debug|Any CPU.Build.0 = Debug|Any CPU
		{231b4787-9fe9-c6d2-7b95-31bd1bae798a}.Debug|Any CPU.ActiveCfg = Debug|Any CPU
		{231b4787-9fe9-c6d2-7b95-31bd1bae798a}.Debug|Any CPU.Build.0 = Debug|Any CPU
	EndGlobalSection
	GlobalSection(SolutionProperties) = preSolution
		HideSolutionNode = FALSE
	EndGlobalSection
EndGlobal
